
Microsoft Visual Studio Solution File, Format Version 12.00
# Visual Studio Version 16
VisualStudioVersion = 16.0.31005.135
MinimumVisualStudioVersion = 10.0.40219.1
Project("{FAE04EC0-301F-11D3-BF4B-00C04F79EFBC}") = "ExcelGen", "ExcelGen\ExcelGen.csproj", "{60732B8F-F694-4799-9924-BA02841FBE99}"
EndProject
Global
	GlobalSection(SolutionConfigurationPlatforms) = preSolution
		Debug|Any CPU = Debug|Any CPU
		Release|Any CPU = Release|Any CPU
	EndGlobalSection
	GlobalSection(ProjectConfigurationPlatforms) = postSolution
		{60732B8F-F694-4799-9924-BA02841FBE99}.Debug|Any CPU.ActiveCfg = Debug|Any CPU
		{60732B8F-F694-4799-9924-BA02841FBE99}.Debug|Any CPU.Build.0 = Debug|Any CPU
		{60732B8F-F694-4799-9924-BA02841FBE99}.Release|Any CPU.ActiveCfg = Release|Any CPU
		{60732B8F-F694-4799-9924-BA02841FBE99}.Release|Any CPU.Build.0 = Release|Any CPU
	EndGlobalSection
	GlobalSection(SolutionProperties) = preSolution
		HideSolutionNode = FALSE
	EndGlobalSection
	GlobalSection(ExtensibilityGlobals) = postSolution
		SolutionGuid = {735B5450-836D-4A59-8157-C4D7A05B37BF}
	EndGlobalSection
EndGlobal
